
Microsoft Visual Studio Solution File, Format Version 12.00
# Visual Studio Version 17
VisualStudioVersion = 17.0.31903.59
MinimumVisualStudioVersion = 10.0.40219.1
Project("{9A19103F-16F7-4668-BE54-9A1E7A4F7556}") = "Autodesk.ModelDerivative", "Autodesk.ModelDerivative\Autodesk.ModelDerivative.csproj", "{D209458C-0105-4337-A972-82949E36A745}"
EndProject
Project("{9A19103F-16F7-4668-BE54-9A1E7A4F7556}") = "Autodesk.DataManagement", "Autodesk.DataManagement\Autodesk.DataManagement.csproj", "{C005059E-57ED-49FA-8AAA-D31CE52DC395}"
EndProject
Project("{9A19103F-16F7-4668-BE54-9A1E7A4F7556}") = "Autodesk.Authentication", "Autodesk.Authentication\Autodesk.Authentication.csproj", "{26E6F3F9-2606-4B3C-8E9C-692271987E41}"
EndProject
Project("{9A19103F-16F7-4668-BE54-9A1E7A4F7556}") = "Tests", "Sdk_Tests\Tests.csproj", "{0FBACD9E-011F-427A-92D5-01EED4B810CA}"
EndProject
Project("{2150E333-8FDC-42A3-9474-1A3956D46DE8}") = "Solution Items", "Solution Items", "{74A4F846-1732-4ADD-B697-78CB177291EA}"
	ProjectSection(SolutionItems) = preProject
		Directory.Build.props = Directory.Build.props
		README.md = README.md
	EndProjectSection
EndProject
Project("{2150E333-8FDC-42A3-9474-1A3956D46DE8}") = "DocFx", "DocFx", "{B7325FD9-B98A-4C89-9DAE-C2E17811AFA0}"
	ProjectSection(SolutionItems) = preProject
		Documentation\docfx.json = Documentation\docfx.json
		Documentation\toc.yml = Documentation\toc.yml
	EndProjectSection
EndProject
Project("{9A19103F-16F7-4668-BE54-9A1E7A4F7556}") = "Autodesk.Common.HttpClientLibrary", "Autodesk.Common.HttpClient\Autodesk.Common.HttpClientLibrary.csproj", "{425CA724-C7D0-4A98-93CA-2045AA155D28}"
EndProject
Project("{9A19103F-16F7-4668-BE54-9A1E7A4F7556}") = "Autodesk.ACC.ModelProperties", "Autodesk.ACC.ModelProperties\Autodesk.ACC.ModelProperties.csproj", "{A2637319-7B0F-4F6E-87F5-F38DBEA1EB3E}"
EndProject
Project("{9A19103F-16F7-4668-BE54-9A1E7A4F7556}") = "Autodesk.ACC.AccountAdmin", "Autodesk.ACC.AccountAdmin\Autodesk.ACC.AccountAdmin.csproj", "{4F0AAF1F-92B9-4D54-B1AE-936599682AB3}"
EndProject
Project("{9A19103F-16F7-4668-BE54-9A1E7A4F7556}") = "Autodesk.ACC.CostManagement", "Autodesk.ACC.CostManagement\Autodesk.ACC.CostManagement.csproj", "{01C677CB-BC24-4116-8A32-F357BA679A0D}"
EndProject
Project("{E24C65DC-7377-472B-9ABA-BC803B73C61A}") = "Documentation", "Documentation\", "{7070175C-2F17-4EBD-8C78-7B9F53C06050}"
	ProjectSection(WebsiteProperties) = preProject
		TargetFrameworkMoniker = ".NETFramework,Version%3Dv4.0"
		Debug.AspNetCompiler.VirtualPath = "/localhost_57673"
		Debug.AspNetCompiler.PhysicalPath = "Documentation\"
		Debug.AspNetCompiler.TargetPath = "PrecompiledWeb\localhost_57673\"
		Debug.AspNetCompiler.Updateable = "true"
		Debug.AspNetCompiler.ForceOverwrite = "true"
		Debug.AspNetCompiler.FixedNames = "false"
		Debug.AspNetCompiler.Debug = "True"
		Release.AspNetCompiler.VirtualPath = "/localhost_57673"
		Release.AspNetCompiler.PhysicalPath = "Documentation\"
		Release.AspNetCompiler.TargetPath = "PrecompiledWeb\localhost_57673\"
		Release.AspNetCompiler.Updateable = "true"
		Release.AspNetCompiler.ForceOverwrite = "true"
		Release.AspNetCompiler.FixedNames = "false"
		Release.AspNetCompiler.Debug = "False"
		VWDPort = "57673"
		SlnRelativePath = "Documentation\"
	EndProjectSection
EndProject
Project("{9A19103F-16F7-4668-BE54-9A1E7A4F7556}") = "Autodesk.ACC.FileManagement", "Autodesk.ACC.FileManagement\Autodesk.ACC.FileManagement.csproj", "{A46EF087-9934-4F90-82AA-E76A9C4F1A79}"
EndProject
Project("{D954291E-2A0B-460D-934E-DC6B0785DB48}") = "CommonUtils", "CommonUtils\CommonUtils.shproj", "{CC48C5D2-463D-439C-B642-690476FCE018}"
EndProject
Project("{9A19103F-16F7-4668-BE54-9A1E7A4F7556}") = "Autodesk.ACC.RFIs", "Autodesk.ACC.RFIs\Autodesk.ACC.RFIs.csproj", "{FE33DB50-9218-4165-BF57-42839AD2B83B}"
EndProject
Project("{9A19103F-16F7-4668-BE54-9A1E7A4F7556}") = "SampleConsoleApp", "Samples\ConsoleApp\SampleConsoleApp.csproj", "{C58157B3-BA3B-470F-A91A-0C128EB8F0D7}"
EndProject
Project("{9A19103F-16F7-4668-BE54-9A1E7A4F7556}") = "SampleWebAPI", "Samples\WebAPI\SampleWebAPI.csproj", "{90034404-7070-46FC-92BD-430A663FE808}"
EndProject
Global
	GlobalSection(SolutionConfigurationPlatforms) = preSolution
		Debug|Any CPU = Debug|Any CPU
		Release|Any CPU = Release|Any CPU
	EndGlobalSection
	GlobalSection(ProjectConfigurationPlatforms) = postSolution
		{D209458C-0105-4337-A972-82949E36A745}.Debug|Any CPU.ActiveCfg = Debug|Any CPU
		{D209458C-0105-4337-A972-82949E36A745}.Debug|Any CPU.Build.0 = Debug|Any CPU
		{D209458C-0105-4337-A972-82949E36A745}.Release|Any CPU.ActiveCfg = Release|Any CPU
		{D209458C-0105-4337-A972-82949E36A745}.Release|Any CPU.Build.0 = Release|Any CPU
		{C005059E-57ED-49FA-8AAA-D31CE52DC395}.Debug|Any CPU.ActiveCfg = Debug|Any CPU
		{C005059E-57ED-49FA-8AAA-D31CE52DC395}.Debug|Any CPU.Build.0 = Debug|Any CPU
		{C005059E-57ED-49FA-8AAA-D31CE52DC395}.Release|Any CPU.ActiveCfg = Release|Any CPU
		{C005059E-57ED-49FA-8AAA-D31CE52DC395}.Release|Any CPU.Build.0 = Release|Any CPU
		{26E6F3F9-2606-4B3C-8E9C-692271987E41}.Debug|Any CPU.ActiveCfg = Debug|Any CPU
		{26E6F3F9-2606-4B3C-8E9C-692271987E41}.Debug|Any CPU.Build.0 = Debug|Any CPU
		{26E6F3F9-2606-4B3C-8E9C-692271987E41}.Release|Any CPU.ActiveCfg = Release|Any CPU
		{26E6F3F9-2606-4B3C-8E9C-692271987E41}.Release|Any CPU.Build.0 = Release|Any CPU
		{0FBACD9E-011F-427A-92D5-01EED4B810CA}.Debug|Any CPU.ActiveCfg = Debug|Any CPU
		{0FBACD9E-011F-427A-92D5-01EED4B810CA}.Debug|Any CPU.Build.0 = Debug|Any CPU
		{0FBACD9E-011F-427A-92D5-01EED4B810CA}.Release|Any CPU.ActiveCfg = Release|Any CPU
		{0FBACD9E-011F-427A-92D5-01EED4B810CA}.Release|Any CPU.Build.0 = Release|Any CPU
		{425CA724-C7D0-4A98-93CA-2045AA155D28}.Debug|Any CPU.ActiveCfg = Debug|Any CPU
		{425CA724-C7D0-4A98-93CA-2045AA155D28}.Debug|Any CPU.Build.0 = Debug|Any CPU
		{425CA724-C7D0-4A98-93CA-2045AA155D28}.Release|Any CPU.ActiveCfg = Release|Any CPU
		{425CA724-C7D0-4A98-93CA-2045AA155D28}.Release|Any CPU.Build.0 = Release|Any CPU
		{A2637319-7B0F-4F6E-87F5-F38DBEA1EB3E}.Debug|Any CPU.ActiveCfg = Debug|Any CPU
		{A2637319-7B0F-4F6E-87F5-F38DBEA1EB3E}.Debug|Any CPU.Build.0 = Debug|Any CPU
		{A2637319-7B0F-4F6E-87F5-F38DBEA1EB3E}.Release|Any CPU.ActiveCfg = Release|Any CPU
		{A2637319-7B0F-4F6E-87F5-F38DBEA1EB3E}.Release|Any CPU.Build.0 = Release|Any CPU
		{4F0AAF1F-92B9-4D54-B1AE-936599682AB3}.Debug|Any CPU.ActiveCfg = Debug|Any CPU
		{4F0AAF1F-92B9-4D54-B1AE-936599682AB3}.Debug|Any CPU.Build.0 = Debug|Any CPU
		{4F0AAF1F-92B9-4D54-B1AE-936599682AB3}.Release|Any CPU.ActiveCfg = Release|Any CPU
		{4F0AAF1F-92B9-4D54-B1AE-936599682AB3}.Release|Any CPU.Build.0 = Release|Any CPU
		{01C677CB-BC24-4116-8A32-F357BA679A0D}.Debug|Any CPU.ActiveCfg = Debug|Any CPU
		{01C677CB-BC24-4116-8A32-F357BA679A0D}.Debug|Any CPU.Build.0 = Debug|Any CPU
		{01C677CB-BC24-4116-8A32-F357BA679A0D}.Release|Any CPU.ActiveCfg = Release|Any CPU
		{01C677CB-BC24-4116-8A32-F357BA679A0D}.Release|Any CPU.Build.0 = Release|Any CPU
		{7070175C-2F17-4EBD-8C78-7B9F53C06050}.Debug|Any CPU.ActiveCfg = Debug|Any CPU
		{7070175C-2F17-4EBD-8C78-7B9F53C06050}.Release|Any CPU.ActiveCfg = Debug|Any CPU
		{A46EF087-9934-4F90-82AA-E76A9C4F1A79}.Debug|Any CPU.ActiveCfg = Debug|Any CPU
		{A46EF087-9934-4F90-82AA-E76A9C4F1A79}.Debug|Any CPU.Build.0 = Debug|Any CPU
		{A46EF087-9934-4F90-82AA-E76A9C4F1A79}.Release|Any CPU.ActiveCfg = Release|Any CPU
		{A46EF087-9934-4F90-82AA-E76A9C4F1A79}.Release|Any CPU.Build.0 = Release|Any CPU
		{FE33DB50-9218-4165-BF57-42839AD2B83B}.Debug|Any CPU.ActiveCfg = Debug|Any CPU
		{FE33DB50-9218-4165-BF57-42839AD2B83B}.Debug|Any CPU.Build.0 = Debug|Any CPU
		{FE33DB50-9218-4165-BF57-42839AD2B83B}.Release|Any CPU.ActiveCfg = Release|Any CPU
		{FE33DB50-9218-4165-BF57-42839AD2B83B}.Release|Any CPU.Build.0 = Release|Any CPU
		{C58157B3-BA3B-470F-A91A-0C128EB8F0D7}.Debug|Any CPU.ActiveCfg = Debug|Any CPU
		{C58157B3-BA3B-470F-A91A-0C128EB8F0D7}.Debug|Any CPU.Build.0 = Debug|Any CPU
		{C58157B3-BA3B-470F-A91A-0C128EB8F0D7}.Release|Any CPU.ActiveCfg = Release|Any CPU
		{C58157B3-BA3B-470F-A91A-0C128EB8F0D7}.Release|Any CPU.Build.0 = Release|Any CPU
		{90034404-7070-46FC-92BD-430A663FE808}.Debug|Any CPU.ActiveCfg = Debug|Any CPU
		{90034404-7070-46FC-92BD-430A663FE808}.Debug|Any CPU.Build.0 = Debug|Any CPU
		{90034404-7070-46FC-92BD-430A663FE808}.Release|Any CPU.ActiveCfg = Release|Any CPU
		{90034404-7070-46FC-92BD-430A663FE808}.Release|Any CPU.Build.0 = Release|Any CPU
	EndGlobalSection
	GlobalSection(SolutionProperties) = preSolution
		HideSolutionNode = FALSE
	EndGlobalSection
	GlobalSection(ExtensibilityGlobals) = postSolution
		SolutionGuid = {B7DC4C3F-A185-447B-AF77-486FCEB6F3E6}
	EndGlobalSection
	GlobalSection(SharedMSBuildProjectFiles) = preSolution
		CommonUtils\CommonUtils.projitems*{a46ef087-9934-4f90-82aa-e76a9c4f1a79}*SharedItemsImports = 5
		CommonUtils\CommonUtils.projitems*{c005059e-57ed-49fa-8aaa-d31ce52dc395}*SharedItemsImports = 5
		CommonUtils\CommonUtils.projitems*{cc48c5d2-463d-439c-b642-690476fce018}*SharedItemsImports = 13
		CommonUtils\CommonUtils.projitems*{fe33db50-9218-4165-bf57-42839ad2b83b}*SharedItemsImports = 5
	EndGlobalSection
EndGlobal
